
Microsoft Visual Studio Solution File, Format Version 11.00
# Visual Studio 2010
Project("{FAE04EC0-301F-11D3-BF4B-00C04F79EFBC}") = "Assembly-CSharp", "Assembly-CSharp.csproj", "{A18E6A41-6490-F9E0-1F09-11981A4F6AEA}"
EndProject
Project("{FAE04EC0-301F-11D3-BF4B-00C04F79EFBC}") = "Assembly-CSharp-Editor", "Assembly-CSharp-Editor.csproj", "{DA588ECF-546B-F8D4-7C1B-985EB96FAE74}"
EndProject
Global
	GlobalSection(SolutionConfigurationPlatforms) = preSolution
		Debug|Any CPU = Debug|Any CPU
		Release|Any CPU = Release|Any CPU
	EndGlobalSection
	GlobalSection(ProjectConfigurationPlatforms) = postSolution
		{A18E6A41-6490-F9E0-1F09-11981A4F6AEA}.Debug|Any CPU.ActiveCfg = Debug|Any CPU
		{A18E6A41-6490-F9E0-1F09-11981A4F6AEA}.Debug|Any CPU.Build.0 = Debug|Any CPU
		{A18E6A41-6490-F9E0-1F09-11981A4F6AEA}.Release|Any CPU.ActiveCfg = Release|Any CPU
		{A18E6A41-6490-F9E0-1F09-11981A4F6AEA}.Release|Any CPU.Build.0 = Release|Any CPU
		{DA588ECF-546B-F8D4-7C1B-985EB96FAE74}.Debug|Any CPU.ActiveCfg = Debug|Any CPU
		{DA588ECF-546B-F8D4-7C1B-985EB96FAE74}.Debug|Any CPU.Build.0 = Debug|Any CPU
		{DA588ECF-546B-F8D4-7C1B-985EB96FAE74}.Release|Any CPU.ActiveCfg = Release|Any CPU
		{DA588ECF-546B-F8D4-7C1B-985EB96FAE74}.Release|Any CPU.Build.0 = Release|Any CPU
	EndGlobalSection
	GlobalSection(SolutionProperties) = preSolution
		HideSolutionNode = FALSE
	EndGlobalSection
EndGlobal
